<?xml version="1.0" encoding="utf-8"?>
<Project ToolsVersion="4.0" xmlns="http://schemas.microsoft.com/developer/msbuild/2003">
  <ItemGroup>
    <Filter Include="源文件">
      <UniqueIdentifier>{4FC737F1-C7A5-4376-A066-2A32D752A2FF}</UniqueIdentifier>
      <Extensions>cpp;c;cc;cxx;c++;cppm;ixx;def;odl;idl;hpj;bat;asm;asmx</Extensions>
    </Filter>
    <Filter Include="头文件">
      <UniqueIdentifier>{93995380-89BD-4b04-88EB-625FBE52EBFB}</UniqueIdentifier>
      <Extensions>h;hh;hpp;hxx;h++;hm;inl;inc;ipp;xsd</Extensions>
    </Filter>
    <Filter Include="资源文件">
      <UniqueIdentifier>{67DA6AB6-F800-4c08-8B7A-83BB121AAD01}</UniqueIdentifier>
      <Extensions>rc;ico;cur;bmp;dlg;rc2;rct;bin;rgs;gif;jpg;jpeg;jpe;resx;tiff;tif;png;wav;mfcribbon-ms</Extensions>
    </Filter>
    <Filter Include="common">
      <UniqueIdentifier>{137510d6-4bb5-4c45-8fb1-d2fbbd4cd3e8}</UniqueIdentifier>
    </Filter>
    <Filter Include="kernel">
      <UniqueIdentifier>{a2356200-e69c-48fd-80c8-51a8f4d0d326}</UniqueIdentifier>
    </Filter>
    <Filter Include="drawing">
      <UniqueIdentifier>{6a44d0d9-630e-48de-8b19-e0865d43a94d}</UniqueIdentifier>
    </Filter>
    <Filter Include="element">
      <UniqueIdentifier>{77a63077-c2e7-4022-b7ee-46cf198ebaf3}</UniqueIdentifier>
    </Filter>
    <Filter Include="control">
      <UniqueIdentifier>{cd43fb64-7af9-4760-8c63-e2905e568696}</UniqueIdentifier>
    </Filter>
    <Filter Include="utils">
      <UniqueIdentifier>{d14001a6-9d3b-401c-b6d6-0d45315cd07c}</UniqueIdentifier>
    </Filter>
    <Filter Include="application">
      <UniqueIdentifier>{fc812b61-b166-4a4b-a222-2ebb40c79a69}</UniqueIdentifier>
    </Filter>
    <Filter Include="kernel\memory">
      <UniqueIdentifier>{d0cddf58-2db9-4aca-8767-6c8cdf3c0c89}</UniqueIdentifier>
    </Filter>
    <Filter Include="kernel\data">
      <UniqueIdentifier>{ea4184c4-93ac-4b9d-a56d-9c7e060d06a8}</UniqueIdentifier>
    </Filter>
    <Filter Include="kernel\atom">
      <UniqueIdentifier>{8f437dde-4854-4664-ab1f-b7411863af1d}</UniqueIdentifier>
    </Filter>
    <Filter Include="debug">
      <UniqueIdentifier>{de17992e-3a64-459c-aa00-66c5c8beb65a}</UniqueIdentifier>
    </Filter>
    <Filter Include="drawing\render">
      <UniqueIdentifier>{f08d7ac2-ddff-4d7c-baa1-8ac58fe7b901}</UniqueIdentifier>
    </Filter>
    <Filter Include="drawing\image_decoder">
      <UniqueIdentifier>{62a6f6a9-fa1d-454c-9b04-1cdd9fec7ab7}</UniqueIdentifier>
    </Filter>
    <Filter Include="drawing\bitmap_builder">
      <UniqueIdentifier>{03463062-d395-44d0-9bd0-e813630225df}</UniqueIdentifier>
    </Filter>
    <Filter Include="element\ui_element">
      <UniqueIdentifier>{eddee026-9e77-4e92-ac22-e318351d5c0c}</UniqueIdentifier>
    </Filter>
    <Filter Include="element\window">
      <UniqueIdentifier>{391f81f5-896c-47fd-bb85-2413862d75bd}</UniqueIdentifier>
    </Filter>
    <Filter Include="element\control">
      <UniqueIdentifier>{74fe8b04-87cc-4fc1-82c8-94e1ffcf2092}</UniqueIdentifier>
    </Filter>
    <Filter Include="control\base_set">
      <UniqueIdentifier>{9e121777-2521-4ff0-9bed-2936c8151fda}</UniqueIdentifier>
    </Filter>
    <Filter Include="control\framework_set">
      <UniqueIdentifier>{c95bf851-830b-40e5-b229-f63b6dae210b}</UniqueIdentifier>
    </Filter>
    <Filter Include="control\data_set">
      <UniqueIdentifier>{79248f2f-a60d-4a4c-b78a-a8e5f925b713}</UniqueIdentifier>
    </Filter>
    <Filter Include="control\extend_set">
      <UniqueIdentifier>{7a2c3c00-b7e5-4094-a1b4-4730db7a08a6}</UniqueIdentifier>
    </Filter>
    <Filter Include="application\engine">
      <UniqueIdentifier>{9c040310-d2f7-468e-95a9-3bbcb3939370}</UniqueIdentifier>
    </Filter>
    <Filter Include="debug\status">
      <UniqueIdentifier>{8529b2b7-835d-4479-9aac-cadc13ad775b}</UniqueIdentifier>
    </Filter>
    <Filter Include="debug\exception">
      <UniqueIdentifier>{afa05f4f-6391-403f-950d-079406aa9992}</UniqueIdentifier>
    </Filter>
    <Filter Include="debug\spy">
      <UniqueIdentifier>{7eecbc78-169b-48bc-b22e-77d8c2acfe41}</UniqueIdentifier>
    </Filter>
    <Filter Include="debug\hook">
      <UniqueIdentifier>{43972cbc-df96-481b-ab0e-f74ef32feffd}</UniqueIdentifier>
    </Filter>
    <Filter Include="utils\animation">
      <UniqueIdentifier>{5c81efb6-2310-4410-bce8-6cd93415cdb8}</UniqueIdentifier>
    </Filter>
    <Filter Include="utils\easing">
      <UniqueIdentifier>{ec7a30a1-a62d-4d2d-95bd-20c91392ff36}</UniqueIdentifier>
    </Filter>
    <Filter Include="utils\xxx">
      <UniqueIdentifier>{e0b7c614-b97a-4770-82cb-08227806bd8e}</UniqueIdentifier>
    </Filter>
    <Filter Include="debug\mem_leak">
      <UniqueIdentifier>{9ecf558d-4ae5-4436-8bdb-3f2c47081c19}</UniqueIdentifier>
    </Filter>
    <Filter Include="kernel\winapi">
      <UniqueIdentifier>{824449c0-baf0-4a18-891d-14ec90701eab}</UniqueIdentifier>
    </Filter>
    <Filter Include="kernel\module">
      <UniqueIdentifier>{fb8098d9-d5ae-48c2-920f-213cfc58aee7}</UniqueIdentifier>
    </Filter>
    <Filter Include="drawing\render\image">
      <UniqueIdentifier>{e858227c-588e-4a02-8ee5-9280c21fc337}</UniqueIdentifier>
    </Filter>
    <Filter Include="drawing\render\canvas">
      <UniqueIdentifier>{598397e4-b8cd-4b14-aab6-24493ad0be78}</UniqueIdentifier>
    </Filter>
    <Filter Include="drawing\render\font">
      <UniqueIdentifier>{01eac14c-962f-468a-b9a5-d30ea6119df1}</UniqueIdentifier>
    </Filter>
    <Filter Include="drawing\render\brush">
      <UniqueIdentifier>{362c4470-d9e7-4142-8a86-e538f9bd85fb}</UniqueIdentifier>
    </Filter>
    <Filter Include="drawing\render\matrix">
      <UniqueIdentifier>{087dd41d-fc12-493f-9163-d3ee0cdee26e}</UniqueIdentifier>
    </Filter>
    <Filter Include="drawing\render\path">
      <UniqueIdentifier>{cafa24e1-bac9-4560-baf8-26c906a3a1bb}</UniqueIdentifier>
    </Filter>
    <Filter Include="drawing\render\region">
      <UniqueIdentifier>{e4ff6e9d-f84d-4dbc-a83d-be9fe02b6ff1}</UniqueIdentifier>
    </Filter>
    <Filter Include="drawing\render\pen">
      <UniqueIdentifier>{74a42131-1478-4ae7-ab04-d08865a5da57}</UniqueIdentifier>
    </Filter>
    <Filter Include="drawing\render\effect">
      <UniqueIdentifier>{e683cbbc-deb5-4e2c-aabb-393b4cb897e5}</UniqueIdentifier>
    </Filter>
    <Filter Include="drawing\render\brush\solid_brush">
      <UniqueIdentifier>{d5839eac-5562-418a-978a-3cfb19f80c69}</UniqueIdentifier>
    </Filter>
    <Filter Include="drawing\render\brush\linear_brush">
      <UniqueIdentifier>{43395154-8f0d-465a-ae2e-9d1602cee5eb}</UniqueIdentifier>
    </Filter>
    <Filter Include="drawing\render\brush\radial_brush">
      <UniqueIdentifier>{dcb95fda-684d-42b7-a0d3-e775c2dab015}</UniqueIdentifier>
    </Filter>
    <Filter Include="drawing\render\brush\image_brush">
      <UniqueIdentifier>{3d4ca271-c5ac-4739-bc71-343a43d438dd}</UniqueIdentifier>
    </Filter>
    <Filter Include="drawing\render\brush\canvas_brush">
      <UniqueIdentifier>{684085c7-3ac8-48cc-b547-b03a9b243570}</UniqueIdentifier>
    </Filter>
    <Filter Include="drawing\render\factory">
      <UniqueIdentifier>{ea8d7e2b-8a80-44e7-a23a-6c5156a9b3fd}</UniqueIdentifier>
    </Filter>
    <Filter Include="drawing\render\device">
      <UniqueIdentifier>{79a3d660-356c-4739-8a2b-a2613af87455}</UniqueIdentifier>
    </Filter>
    <Filter Include="resource">
      <UniqueIdentifier>{3e235b32-265f-45bf-9a6c-34c874d7f518}</UniqueIdentifier>
    </Filter>
    <Filter Include="resource\package">
      <UniqueIdentifier>{0b78baaa-1f33-4b6b-914f-9f87c6fca59a}</UniqueIdentifier>
    </Filter>
    <Filter Include="resource\theme">
      <UniqueIdentifier>{788debc7-0c72-4047-94d3-4cb294e72009}</UniqueIdentifier>
    </Filter>
    <Filter Include="resource\res_pool">
      <UniqueIdentifier>{40b59794-2c0d-4425-b49d-f2df06691e25}</UniqueIdentifier>
    </Filter>
    <Filter Include="resource\variant">
      <UniqueIdentifier>{579ab877-1e0a-47ad-ad4f-aa2e4fcf9824}</UniqueIdentifier>
    </Filter>
    <Filter Include="resource\parser">
      <UniqueIdentifier>{99015457-7fea-4a28-b7b2-8eabcb00d63d}</UniqueIdentifier>
    </Filter>
    <Filter Include="resource\parser\type_parsers">
      <UniqueIdentifier>{01729f0c-3189-4928-9893-24aca2a90611}</UniqueIdentifier>
    </Filter>
  </ItemGroup>
  <ItemGroup>
    <ClCompile Include="stdafx.cpp">
      <Filter>源文件</Filter>
    </ClCompile>
    <ClCompile Include="dllmain.cpp">
      <Filter>源文件</Filter>
    </ClCompile>
    <ClCompile Include="src\kernel\memory.cpp">
      <Filter>kernel\memory</Filter>
    </ClCompile>
    <ClCompile Include="src\debug\mem_leak.cpp">
      <Filter>debug\mem_leak</Filter>
    </ClCompile>
    <ClCompile Include="src\debug\status_handle.cpp">
      <Filter>debug\status</Filter>
    </ClCompile>
    <ClCompile Include="src\kernel\data.cpp">
      <Filter>kernel\data</Filter>
    </ClCompile>
    <ClCompile Include="src\app\engine.cpp">
      <Filter>application\engine</Filter>
    </ClCompile>
    <ClCompile Include="src\kernel\winapi.cpp">
      <Filter>kernel\winapi</Filter>
    </ClCompile>
    <ClCompile Include="src\kernel\atom.cpp">
      <Filter>kernel\atom</Filter>
    </ClCompile>
    <ClCompile Include="src\kernel\module.cpp">
      <Filter>kernel\module</Filter>
    </ClCompile>
    <ClCompile Include="src\kernel\module_utils.cpp">
      <Filter>kernel\module</Filter>
    </ClCompile>
    <ClCompile Include="src\resource\res_pool.cpp">
      <Filter>resource\res_pool</Filter>
    </ClCompile>
    <ClCompile Include="src\drawing\image_decoder.cpp">
      <Filter>drawing\image_decoder</Filter>
    </ClCompile>
    <ClCompile Include="src\drawing\render\mem_dc.cpp">
      <Filter>drawing\render\canvas</Filter>
    </ClCompile>
    <ClCompile Include="src\drawing\render\factory.cpp">
      <Filter>drawing\render\factory</Filter>
    </ClCompile>
    <ClCompile Include="src\drawing\render\image.cpp">
      <Filter>drawing\render\image</Filter>
    </ClCompile>
    <ClCompile Include="src\drawing\render\font.cpp">
      <Filter>drawing\render\font</Filter>
    </ClCompile>
    <ClCompile Include="src\drawing\render\device.cpp">
      <Filter>drawing\render\device</Filter>
    </ClCompile>
    <ClCompile Include="src\resource\package.cpp">
      <Filter>resource\package</Filter>
    </ClCompile>
    <ClCompile Include="src\drawing\render\canvas_brush.cpp">
      <Filter>drawing\render\brush\canvas_brush</Filter>
    </ClCompile>
    <ClCompile Include="src\drawing\render\image_brush.cpp">
      <Filter>drawing\render\brush\image_brush</Filter>
    </ClCompile>
    <ClCompile Include="src\drawing\render\linear_brush.cpp">
      <Filter>drawing\render\brush\linear_brush</Filter>
    </ClCompile>
    <ClCompile Include="src\drawing\render\radial_brush.cpp">
      <Filter>drawing\render\brush\radial_brush</Filter>
    </ClCompile>
    <ClCompile Include="src\drawing\render\solid_brush.cpp">
      <Filter>drawing\render\brush\solid_brush</Filter>
    </ClCompile>
    <ClCompile Include="src\drawing\render\canvas.cpp">
      <Filter>drawing\render\canvas</Filter>
    </ClCompile>
    <ClCompile Include="src\drawing\render\path.cpp">
      <Filter>drawing\render\path</Filter>
    </ClCompile>
    <ClCompile Include="src\drawing\render\pen.cpp">
      <Filter>drawing\render\pen</Filter>
    </ClCompile>
    <ClCompile Include="src\drawing\render\region.cpp">
      <Filter>drawing\render\region</Filter>
    </ClCompile>
    <ClCompile Include="src\drawing\render\effect.cpp">
      <Filter>drawing\render\effect</Filter>
    </ClCompile>
    <ClCompile Include="src\resource\string_parser.cpp">
      <Filter>resource\parser</Filter>
    </ClCompile>
    <ClCompile Include="src\resource\variant.cpp">
      <Filter>resource\variant</Filter>
    </ClCompile>
    <ClCompile Include="src\resource\type_parser.cpp">
      <Filter>resource\parser</Filter>
    </ClCompile>
    <ClCompile Include="src\resource\theme.cpp">
      <Filter>resource\theme</Filter>
    </ClCompile>
    <ClCompile Include="src\element\element.cpp">
      <Filter>element\ui_element</Filter>
    </ClCompile>
    <ClCompile Include="src\element\native_window.cpp">
      <Filter>element\window</Filter>
    </ClCompile>
  </ItemGroup>
  <ItemGroup>
    <ClInclude Include="stdafx.h">
      <Filter>头文件</Filter>
    </ClInclude>
    <ClInclude Include="include\ExDirectUI.h">
      <Filter>头文件</Filter>
    </ClInclude>
    <ClInclude Include="include\config.h">
      <Filter>头文件</Filter>
    </ClInclude>
    <ClInclude Include="include\assist.h">
      <Filter>头文件</Filter>
    </ClInclude>
    <ClInclude Include="include\atom.h">
      <Filter>头文件</Filter>
    </ClInclude>
    <ClInclude Include="include\define.h">
      <Filter>头文件</Filter>
    </ClInclude>
    <ClInclude Include="include\status.h">
      <Filter>头文件</Filter>
    </ClInclude>
    <ClInclude Include="include\common\types.h">
      <Filter>common</Filter>
    </ClInclude>
    <ClInclude Include="include\kernel\memory.h">
      <Filter>kernel\memory</Filter>
    </ClInclude>
    <ClInclude Include="src\debug\mem_leak.h">
      <Filter>debug\mem_leak</Filter>
    </ClInclude>
    <ClInclude Include="include\kernel\new.h">
      <Filter>kernel\memory</Filter>
    </ClInclude>
    <ClInclude Include="include\debug\status_handle.h">
      <Filter>debug\status</Filter>
    </ClInclude>
    <ClInclude Include="include\debug\exception.h">
      <Filter>debug\exception</Filter>
    </ClInclude>
    <ClInclude Include="include\kernel\data.h">
      <Filter>kernel\data</Filter>
    </ClInclude>
    <ClInclude Include="src\app\engine.h">
      <Filter>application\engine</Filter>
    </ClInclude>
    <ClInclude Include="include\app\engine.h">
      <Filter>application\engine</Filter>
    </ClInclude>
    <ClInclude Include="src\kernel\winapi.h">
      <Filter>kernel\winapi</Filter>
    </ClInclude>
    <ClInclude Include="include\kernel\atom.h">
      <Filter>kernel\atom</Filter>
    </ClInclude>
    <ClInclude Include="src\kernel\module.h">
      <Filter>kernel\module</Filter>
    </ClInclude>
    <ClInclude Include="include\kernel\module.h">
      <Filter>kernel\module</Filter>
    </ClInclude>
    <ClInclude Include="src\kernel\module_utils.h">
      <Filter>kernel\module</Filter>
    </ClInclude>
    <ClInclude Include="include\resource\res_pool.h">
      <Filter>resource\res_pool</Filter>
    </ClInclude>
    <ClInclude Include="src\drawing\image_decoder.h">
      <Filter>drawing\image_decoder</Filter>
    </ClInclude>
    <ClInclude Include="include\drawing\image_decoder.h">
      <Filter>drawing\image_decoder</Filter>
    </ClInclude>
    <ClInclude Include="src\kernel\builtin_modules.hpp">
      <Filter>kernel\module</Filter>
    </ClInclude>
    <ClInclude Include="src\kernel\builtin_modules_define.h">
      <Filter>头文件</Filter>
    </ClInclude>
    <ClInclude Include="include\drawing\render.h">
      <Filter>drawing\render</Filter>
    </ClInclude>
    <ClInclude Include="include\drawing\render\brush.h">
      <Filter>drawing\render\brush</Filter>
    </ClInclude>
    <ClInclude Include="include\drawing\render\canvas.h">
      <Filter>drawing\render\canvas</Filter>
    </ClInclude>
    <ClInclude Include="include\drawing\render\canvas_brush.h">
      <Filter>drawing\render\brush\canvas_brush</Filter>
    </ClInclude>
    <ClInclude Include="include\drawing\render\effect.h">
      <Filter>drawing\render\effect</Filter>
    </ClInclude>
    <ClInclude Include="include\drawing\render\font.h">
      <Filter>drawing\render\font</Filter>
    </ClInclude>
    <ClInclude Include="include\drawing\render\image.h">
      <Filter>drawing\render\image</Filter>
    </ClInclude>
    <ClInclude Include="include\drawing\render\image_brush.h">
      <Filter>drawing\render\brush\image_brush</Filter>
    </ClInclude>
    <ClInclude Include="include\drawing\render\linear_brush.h">
      <Filter>drawing\render\brush\linear_brush</Filter>
    </ClInclude>
    <ClInclude Include="include\drawing\render\matrix.h">
      <Filter>drawing\render\matrix</Filter>
    </ClInclude>
    <ClInclude Include="include\drawing\render\path.h">
      <Filter>drawing\render\path</Filter>
    </ClInclude>
    <ClInclude Include="include\drawing\render\pen.h">
      <Filter>drawing\render\pen</Filter>
    </ClInclude>
    <ClInclude Include="include\drawing\render\radial_brush.h">
      <Filter>drawing\render\brush\radial_brush</Filter>
    </ClInclude>
    <ClInclude Include="include\drawing\render\region.h">
      <Filter>drawing\render\region</Filter>
    </ClInclude>
    <ClInclude Include="include\drawing\render\solid_brush.h">
      <Filter>drawing\render\brush\solid_brush</Filter>
    </ClInclude>
    <ClInclude Include="include\drawing\render\mem_dc.h">
      <Filter>drawing\render\canvas</Filter>
    </ClInclude>
    <ClInclude Include="include\drawing\render\factory.h">
      <Filter>drawing\render\factory</Filter>
    </ClInclude>
    <ClInclude Include="src\drawing\render\factory.h">
      <Filter>drawing\render\factory</Filter>
    </ClInclude>
    <ClInclude Include="include\common\singleton.hpp">
      <Filter>common</Filter>
    </ClInclude>
    <ClInclude Include="include\common\string.hpp">
      <Filter>common</Filter>
    </ClInclude>
    <ClInclude Include="include\common\unknown_impl.hpp">
      <Filter>common</Filter>
    </ClInclude>
    <ClInclude Include="include\common\auto_ptr.hpp">
      <Filter>common</Filter>
    </ClInclude>
    <ClInclude Include="include\common\auto_releaser.hpp">
      <Filter>common</Filter>
    </ClInclude>
    <ClInclude Include="include\common\base64.hpp">
      <Filter>common</Filter>
    </ClInclude>
    <ClInclude Include="include\common\color.h">
      <Filter>common</Filter>
    </ClInclude>
    <ClInclude Include="include\common\coordinate.h">
      <Filter>common</Filter>
    </ClInclude>
    <ClInclude Include="include\common\lock.hpp">
      <Filter>common</Filter>
    </ClInclude>
    <ClInclude Include="include\common\mem_pool.hpp">
      <Filter>common</Filter>
    </ClInclude>
    <ClInclude Include="include\common\object.i.h">
      <Filter>common</Filter>
    </ClInclude>
    <ClInclude Include="include\common\object_impl.hpp">
      <Filter>common</Filter>
    </ClInclude>
    <ClInclude Include="src\drawing\render\font.h">
      <Filter>drawing\render\font</Filter>
    </ClInclude>
    <ClInclude Include="include\drawing\render\device.h">
      <Filter>drawing\render\device</Filter>
    </ClInclude>
    <ClInclude Include="include\resource\package.h">
      <Filter>resource\package</Filter>
    </ClInclude>
    <ClInclude Include="src\resource\package_processor.hpp">
      <Filter>resource\package</Filter>
    </ClInclude>
    <ClInclude Include="include\resource\string_parser.h">
      <Filter>resource\parser</Filter>
    </ClInclude>
    <ClInclude Include="include\resource\variant.h">
      <Filter>resource\variant</Filter>
    </ClInclude>
    <ClInclude Include="include\resource\type_parser.h">
      <Filter>resource\parser</Filter>
    </ClInclude>
    <ClInclude Include="src\resource\type_parser.h">
      <Filter>resource\parser</Filter>
    </ClInclude>
    <ClInclude Include="src\resource\type_parsers\number_type_parser.hpp">
      <Filter>resource\parser\type_parsers</Filter>
    </ClInclude>
    <ClInclude Include="src\resource\type_parsers\logic_type_parser.hpp">
      <Filter>resource\parser\type_parsers</Filter>
    </ClInclude>
    <ClInclude Include="src\resource\type_parsers\color_type_parser.hpp">
      <Filter>resource\parser\type_parsers</Filter>
    </ClInclude>
    <ClInclude Include="src\resource\type_parsers\coordinate_type_parser.hpp">
      <Filter>resource\parser\type_parsers</Filter>
    </ClInclude>
    <ClInclude Include="src\resource\theme.h">
      <Filter>resource\theme</Filter>
    </ClInclude>
    <ClInclude Include="include\resource\theme.h">
      <Filter>resource\theme</Filter>
    </ClInclude>
    <ClInclude Include="src\resource\type_parsers\data_type_parser.hpp">
      <Filter>resource\parser\type_parsers</Filter>
    </ClInclude>
    <ClInclude Include="include\resource\extend_type.h">
      <Filter>resource\variant</Filter>
    </ClInclude>
    <ClInclude Include="src\resource\type_parsers\font_type_parser.hpp">
      <Filter>resource\parser\type_parsers</Filter>
    </ClInclude>
    <ClInclude Include="src\resource\type_parsers\image_type_parser.hpp">
      <Filter>resource\parser\type_parsers</Filter>
    </ClInclude>
    <ClInclude Include="src\resource\type_parsers\style_type_parser.hpp">
      <Filter>resource\parser\type_parsers</Filter>
    </ClInclude>
    <ClInclude Include="src\resource\type_parsers\brush_type_parser.hpp">
      <Filter>resource\parser\type_parsers</Filter>
    </ClInclude>
    <ClInclude Include="src\element\element.h">
      <Filter>element\ui_element</Filter>
    </ClInclude>
    <ClInclude Include="include\element\element.h">
      <Filter>element\ui_element</Filter>
    </ClInclude>
    <ClInclude Include="include\element\native_window.h">
      <Filter>element\window</Filter>
    </ClInclude>
    <ClInclude Include="src\element\thunk_window.h">
      <Filter>element\window</Filter>
    </ClInclude>
  </ItemGroup>
  <ItemGroup>
    <None Include="API.def">
      <Filter>源文件</Filter>
    </None>
  </ItemGroup>
</Project>